
Microsoft Visual Studio Solution File, Format Version 12.00
# Visual Studio Version 17
VisualStudioVersion = 17.14.36717.8
MinimumVisualStudioVersion = 10.0.40219.1
Project("{FAE04EC0-301F-11D3-BF4B-00C04F79EFBC}") = "Pulse.Api", "Pulse.Api\Pulse.Api.csproj", "{58645859-DD1F-4A22-98D1-38383D5FF605}"
EndProject
Global
	GlobalSection(SolutionConfigurationPlatforms) = preSolution
		Debug|Any CPU = Debug|Any CPU
		Release|Any CPU = Release|Any CPU
	EndGlobalSection
	GlobalSection(ProjectConfigurationPlatforms) = postSolution
		{58645859-DD1F-4A22-98D1-38383D5FF605}.Debug|Any CPU.ActiveCfg = Debug|Any CPU
		{58645859-DD1F-4A22-98D1-38383D5FF605}.Debug|Any CPU.Build.0 = Debug|Any CPU
		{58645859-DD1F-4A22-98D1-38383D5FF605}.Release|Any CPU.ActiveCfg = Release|Any CPU
		{58645859-DD1F-4A22-98D1-38383D5FF605}.Release|Any CPU.Build.0 = Release|Any CPU
	EndGlobalSection
	GlobalSection(SolutionProperties) = preSolution
		HideSolutionNode = FALSE
	EndGlobalSection
	GlobalSection(ExtensibilityGlobals) = postSolution
		SolutionGuid = {15D6DE54-5613-47D8-9FF2-D85EA9838AD1}
	EndGlobalSection
EndGlobal
